
Microsoft Visual Studio Solution File, Format Version 12.00
# Visual Studio Version 16
VisualStudioVersion = 16.0.29905.134
MinimumVisualStudioVersion = 10.0.40219.1
Project("{FAE04EC0-301F-11D3-BF4B-00C04F79EFBC}") = "BlazorApp1.Server", "BlazorApp1\Server\BlazorApp1.Server.csproj", "{8412F248-020A-4BAD-87D0-AA4C6C2AAA3A}"
EndProject
Project("{FAE04EC0-301F-11D3-BF4B-00C04F79EFBC}") = "BlazorApp1.Client", "BlazorApp1\Client\BlazorApp1.Client.csproj", "{9C4D8344-31EE-479E-879F-5A82E2E4E7F4}"
EndProject
Project("{FAE04EC0-301F-11D3-BF4B-00C04F79EFBC}") = "BlazorApp1.Shared", "BlazorApp1\Shared\BlazorApp1.Shared.csproj", "{18B928FB-BF62-446A-96F4-8FF305B9209B}"
EndProject
Project("{FAE04EC0-301F-11D3-BF4B-00C04F79EFBC}") = "DataAccess", "DataAccess\DataAccess.csproj", "{1BD06AFE-9BEE-46E3-90E0-6300EE7D7236}"
EndProject
Project("{FAE04EC0-301F-11D3-BF4B-00C04F79EFBC}") = "DataModel", "DataModel\DataModel.csproj", "{BAEFAB72-AA72-4058-A657-575C31EB1CB0}"
EndProject
Global
	GlobalSection(SolutionConfigurationPlatforms) = preSolution
		Debug|Any CPU = Debug|Any CPU
		Release|Any CPU = Release|Any CPU
	EndGlobalSection
	GlobalSection(ProjectConfigurationPlatforms) = postSolution
		{8412F248-020A-4BAD-87D0-AA4C6C2AAA3A}.Debug|Any CPU.ActiveCfg = Debug|Any CPU
		{8412F248-020A-4BAD-87D0-AA4C6C2AAA3A}.Debug|Any CPU.Build.0 = Debug|Any CPU
		{8412F248-020A-4BAD-87D0-AA4C6C2AAA3A}.Release|Any CPU.ActiveCfg = Release|Any CPU
		{8412F248-020A-4BAD-87D0-AA4C6C2AAA3A}.Release|Any CPU.Build.0 = Release|Any CPU
		{9C4D8344-31EE-479E-879F-5A82E2E4E7F4}.Debug|Any CPU.ActiveCfg = Debug|Any CPU
		{9C4D8344-31EE-479E-879F-5A82E2E4E7F4}.Debug|Any CPU.Build.0 = Debug|Any CPU
		{9C4D8344-31EE-479E-879F-5A82E2E4E7F4}.Release|Any CPU.ActiveCfg = Release|Any CPU
		{9C4D8344-31EE-479E-879F-5A82E2E4E7F4}.Release|Any CPU.Build.0 = Release|Any CPU
		{18B928FB-BF62-446A-96F4-8FF305B9209B}.Debug|Any CPU.ActiveCfg = Debug|Any CPU
		{18B928FB-BF62-446A-96F4-8FF305B9209B}.Debug|Any CPU.Build.0 = Debug|Any CPU
		{18B928FB-BF62-446A-96F4-8FF305B9209B}.Release|Any CPU.ActiveCfg = Release|Any CPU
		{18B928FB-BF62-446A-96F4-8FF305B9209B}.Release|Any CPU.Build.0 = Release|Any CPU
		{1BD06AFE-9BEE-46E3-90E0-6300EE7D7236}.Debug|Any CPU.ActiveCfg = Debug|Any CPU
		{1BD06AFE-9BEE-46E3-90E0-6300EE7D7236}.Debug|Any CPU.Build.0 = Debug|Any CPU
		{1BD06AFE-9BEE-46E3-90E0-6300EE7D7236}.Release|Any CPU.ActiveCfg = Release|Any CPU
		{1BD06AFE-9BEE-46E3-90E0-6300EE7D7236}.Release|Any CPU.Build.0 = Release|Any CPU
		{BAEFAB72-AA72-4058-A657-575C31EB1CB0}.Debug|Any CPU.ActiveCfg = Debug|Any CPU
		{BAEFAB72-AA72-4058-A657-575C31EB1CB0}.Debug|Any CPU.Build.0 = Debug|Any CPU
		{BAEFAB72-AA72-4058-A657-575C31EB1CB0}.Release|Any CPU.ActiveCfg = Release|Any CPU
		{BAEFAB72-AA72-4058-A657-575C31EB1CB0}.Release|Any CPU.Build.0 = Release|Any CPU
	EndGlobalSection
	GlobalSection(SolutionProperties) = preSolution
		HideSolutionNode = FALSE
	EndGlobalSection
	GlobalSection(ExtensibilityGlobals) = postSolution
		SolutionGuid = {A2ECA53D-6D8C-4A2A-8708-431E35072E57}
	EndGlobalSection
EndGlobal
